// !$*UTF8*$!
{
	archiveVersion = 1;
	classes = {
	};
	objectVersion = 46;
	objects = {

/* Begin PBXBuildFile section */
		DF0506CE17595F040050AFF9 /* PathMenuIcon@2x.png in Resources */ = {isa = PBXBuildFile; fileRef = DF0506CD17595F040050AFF9 /* PathMenuIcon@2x.png */; };
		DF0506CF17595F040050AFF9 /* PathMenuIcon@2x.png in Resources */ = {isa = PBXBuildFile; fileRef = DF0506CD17595F040050AFF9 /* PathMenuIcon@2x.png */; };
		DF0506D1175963080050AFF9 /* BackArrow@2x.png in Resources */ = {isa = PBXBuildFile; fileRef = DF0506D0175963080050AFF9 /* BackArrow@2x.png */; };
		DF0506D2175963080050AFF9 /* BackArrow@2x.png in Resources */ = {isa = PBXBuildFile; fileRef = DF0506D0175963080050AFF9 /* BackArrow@2x.png */; };
		DF0506D7175963F40050AFF9 /* MapMenuIcon@2x.png in Resources */ = {isa = PBXBuildFile; fileRef = DF0506D6175963F40050AFF9 /* MapMenuIcon@2x.png */; };
		DF0506D8175963F40050AFF9 /* MapMenuIcon@2x.png in Resources */ = {isa = PBXBuildFile; fileRef = DF0506D6175963F40050AFF9 /* MapMenuIcon@2x.png */; };
		DF0506DD17597F940050AFF9 /* Bookmark@2x.png in Resources */ = {isa = PBXBuildFile; fileRef = DF0506DC17597F940050AFF9 /* Bookmark@2x.png */; };
		DF0506DE17597F940050AFF9 /* Bookmark@2x.png in Resources */ = {isa = PBXBuildFile; fileRef = DF0506DC17597F940050AFF9 /* Bookmark@2x.png */; };
		DF0506EE175992070050AFF9 /* 24h@2x.png in Resources */ = {isa = PBXBuildFile; fileRef = DF0506E8175992060050AFF9 /* 24h@2x.png */; };
		DF0506EF175992070050AFF9 /* 24h@2x.png in Resources */ = {isa = PBXBuildFile; fileRef = DF0506E8175992060050AFF9 /* 24h@2x.png */; };
		DF0506F0175992070050AFF9 /* Art@2x.png in Resources */ = {isa = PBXBuildFile; fileRef = DF0506E9175992060050AFF9 /* Art@2x.png */; };
		DF0506F1175992070050AFF9 /* Art@2x.png in Resources */ = {isa = PBXBuildFile; fileRef = DF0506E9175992060050AFF9 /* Art@2x.png */; };
		DF0506F2175992070050AFF9 /* Food@2x.png in Resources */ = {isa = PBXBuildFile; fileRef = DF0506EA175992060050AFF9 /* Food@2x.png */; };
		DF0506F3175992070050AFF9 /* Food@2x.png in Resources */ = {isa = PBXBuildFile; fileRef = DF0506EA175992060050AFF9 /* Food@2x.png */; };
		DF0506F4175992070050AFF9 /* Indoor@2x.png in Resources */ = {isa = PBXBuildFile; fileRef = DF0506EB175992060050AFF9 /* Indoor@2x.png */; };
		DF0506F5175992070050AFF9 /* Indoor@2x.png in Resources */ = {isa = PBXBuildFile; fileRef = DF0506EB175992060050AFF9 /* Indoor@2x.png */; };
		DF0506F6175992070050AFF9 /* Outdoor@2x.png in Resources */ = {isa = PBXBuildFile; fileRef = DF0506EC175992070050AFF9 /* Outdoor@2x.png */; };
		DF0506F7175992070050AFF9 /* Outdoor@2x.png in Resources */ = {isa = PBXBuildFile; fileRef = DF0506EC175992070050AFF9 /* Outdoor@2x.png */; };
		DF0506F8175992070050AFF9 /* Wifi@2x.png in Resources */ = {isa = PBXBuildFile; fileRef = DF0506ED175992070050AFF9 /* Wifi@2x.png */; };
		DF0506F9175992070050AFF9 /* Wifi@2x.png in Resources */ = {isa = PBXBuildFile; fileRef = DF0506ED175992070050AFF9 /* Wifi@2x.png */; };
		DF0506FE17599A7B0050AFF9 /* LaunchScreen@2x.png in Resources */ = {isa = PBXBuildFile; fileRef = DF0506FD17599A7A0050AFF9 /* LaunchScreen@2x.png */; };
		DF0506FF17599A7B0050AFF9 /* LaunchScreen@2x.png in Resources */ = {isa = PBXBuildFile; fileRef = DF0506FD17599A7A0050AFF9 /* LaunchScreen@2x.png */; };
		DF05070417599CD50050AFF9 /* CellArrowButton@2x.png in Resources */ = {isa = PBXBuildFile; fileRef = DF05070317599CD50050AFF9 /* CellArrowButton@2x.png */; };
		DF05070517599CD50050AFF9 /* CellArrowButton@2x.png in Resources */ = {isa = PBXBuildFile; fileRef = DF05070317599CD50050AFF9 /* CellArrowButton@2x.png */; };
		DF050707175AC7600050AFF9 /* ArtGrey@2x.png in Resources */ = {isa = PBXBuildFile; fileRef = DF050706175AC75F0050AFF9 /* ArtGrey@2x.png */; };
		DF050708175AC7600050AFF9 /* ArtGrey@2x.png in Resources */ = {isa = PBXBuildFile; fileRef = DF050706175AC75F0050AFF9 /* ArtGrey@2x.png */; };
		DF05070A175AC76D0050AFF9 /* FoodGrey@2x.png in Resources */ = {isa = PBXBuildFile; fileRef = DF050709175AC76D0050AFF9 /* FoodGrey@2x.png */; };
		DF05070B175AC76D0050AFF9 /* FoodGrey@2x.png in Resources */ = {isa = PBXBuildFile; fileRef = DF050709175AC76D0050AFF9 /* FoodGrey@2x.png */; };
		DF05070D175AC7770050AFF9 /* IndoorGrey@2x.png in Resources */ = {isa = PBXBuildFile; fileRef = DF05070C175AC7770050AFF9 /* IndoorGrey@2x.png */; };
		DF05070E175AC7770050AFF9 /* IndoorGrey@2x.png in Resources */ = {isa = PBXBuildFile; fileRef = DF05070C175AC7770050AFF9 /* IndoorGrey@2x.png */; };
		DF050710175AC7810050AFF9 /* OutdoorGrey@2x.png in Resources */ = {isa = PBXBuildFile; fileRef = DF05070F175AC7810050AFF9 /* OutdoorGrey@2x.png */; };
		DF050711175AC7810050AFF9 /* OutdoorGrey@2x.png in Resources */ = {isa = PBXBuildFile; fileRef = DF05070F175AC7810050AFF9 /* OutdoorGrey@2x.png */; };
		DF050713175AC78E0050AFF9 /* WifiGrey@2x.png in Resources */ = {isa = PBXBuildFile; fileRef = DF050712175AC78E0050AFF9 /* WifiGrey@2x.png */; };
		DF050714175AC78E0050AFF9 /* WifiGrey@2x.png in Resources */ = {isa = PBXBuildFile; fileRef = DF050712175AC78E0050AFF9 /* WifiGrey@2x.png */; };
		DF050716175AC7A10050AFF9 /* 24hGrey@2x.png in Resources */ = {isa = PBXBuildFile; fileRef = DF050715175AC7A00050AFF9 /* 24hGrey@2x.png */; };
		DF050717175AC7A10050AFF9 /* 24hGrey@2x.png in Resources */ = {isa = PBXBuildFile; fileRef = DF050715175AC7A00050AFF9 /* 24hGrey@2x.png */; };
		DF05071C175ACA360050AFF9 /* ICON_57px.png in Resources */ = {isa = PBXBuildFile; fileRef = DF05071B175ACA360050AFF9 /* ICON_57px.png */; };
		DF05071E175ACA3C0050AFF9 /* ICON_114px.png in Resources */ = {isa = PBXBuildFile; fileRef = DF05071D175ACA3C0050AFF9 /* ICON_114px.png */; };
		DF3FECC917587DB5002C48F2 /* UIKit.framework in Frameworks */ = {isa = PBXBuildFile; fileRef = DF4B9AD2174AD44A00ED4D13 /* UIKit.framework */; };
		DF3FECCA17587DB5002C48F2 /* Foundation.framework in Frameworks */ = {isa = PBXBuildFile; fileRef = DF4B9AD4174AD44A00ED4D13 /* Foundation.framework */; };
		DF3FECCB17587DB5002C48F2 /* CoreGraphics.framework in Frameworks */ = {isa = PBXBuildFile; fileRef = DF4B9AD6174AD44A00ED4D13 /* CoreGraphics.framework */; };
		DF3FECD117587DB5002C48F2 /* InfoPlist.strings in Resources */ = {isa = PBXBuildFile; fileRef = DF3FECCF17587DB5002C48F2 /* InfoPlist.strings */; };
		DF3FECD317587DB5002C48F2 /* main.m in Sources */ = {isa = PBXBuildFile; fileRef = DF3FECD217587DB5002C48F2 /* main.m */; };
		DF3FECD617587DB6002C48F2 /* Cedar-iOS.framework in Frameworks */ = {isa = PBXBuildFile; fileRef = DF3FECD517587DB6002C48F2 /* Cedar-iOS.framework */; };
		DF3FECD817587DB6002C48F2 /* RouteRepositorySpec.mm in Sources */ = {isa = PBXBuildFile; fileRef = DF3FECD717587DB6002C48F2 /* RouteRepositorySpec.mm */; settings = {COMPILER_FLAGS = "-fno-objc-arc"; }; };
		DF3FECE317587EF7002C48F2 /* Marker@2x.png in Resources */ = {isa = PBXBuildFile; fileRef = DF3FECDF17587EF7002C48F2 /* Marker@2x.png */; };
		DF3FECE417587EF7002C48F2 /* Marker@2x.png in Resources */ = {isa = PBXBuildFile; fileRef = DF3FECDF17587EF7002C48F2 /* Marker@2x.png */; };
		DF3FECE517587EF7002C48F2 /* Marker_highlight@2x.png in Resources */ = {isa = PBXBuildFile; fileRef = DF3FECE017587EF7002C48F2 /* Marker_highlight@2x.png */; };
		DF3FECE617587EF7002C48F2 /* Marker_highlight@2x.png in Resources */ = {isa = PBXBuildFile; fileRef = DF3FECE017587EF7002C48F2 /* Marker_highlight@2x.png */; };
		DF3FECE717587EF7002C48F2 /* navigationBarAppearance@2x.png in Resources */ = {isa = PBXBuildFile; fileRef = DF3FECE117587EF7002C48F2 /* navigationBarAppearance@2x.png */; };
		DF3FECE817587EF7002C48F2 /* navigationBarAppearance@2x.png in Resources */ = {isa = PBXBuildFile; fileRef = DF3FECE117587EF7002C48F2 /* navigationBarAppearance@2x.png */; };
		DF3FECE917587EF7002C48F2 /* tabBarAppearance@2x.png in Resources */ = {isa = PBXBuildFile; fileRef = DF3FECE217587EF7002C48F2 /* tabBarAppearance@2x.png */; };
		DF3FECEA17587EF7002C48F2 /* tabBarAppearance@2x.png in Resources */ = {isa = PBXBuildFile; fileRef = DF3FECE217587EF7002C48F2 /* tabBarAppearance@2x.png */; };
		DF3FECEC175880B5002C48F2 /* SpaceRepositorySpec.mm in Sources */ = {isa = PBXBuildFile; fileRef = DF3FECEB175880B5002C48F2 /* SpaceRepositorySpec.mm */; settings = {COMPILER_FLAGS = "-fno-objc-arc"; }; };
		DF3FECED175882A1002C48F2 /* SpaceRepository.m in Sources */ = {isa = PBXBuildFile; fileRef = DF4B9B06174B3A0500ED4D13 /* SpaceRepository.m */; };
		DF3FECEE175882B3002C48F2 /* Space.m in Sources */ = {isa = PBXBuildFile; fileRef = DF4B9B03174B39B700ED4D13 /* Space.m */; };
		DF3FECEF17588367002C48F2 /* CoreLocation.framework in Frameworks */ = {isa = PBXBuildFile; fileRef = DF4B9AF1174AD71300ED4D13 /* CoreLocation.framework */; };
		DF3FECF0175883D9002C48F2 /* sfpopos.geojson in Resources */ = {isa = PBXBuildFile; fileRef = DF4B9B00174B38C400ED4D13 /* sfpopos.geojson */; };
		DF3FECF1175883DC002C48F2 /* sfpopos-routes-collection.geojson in Resources */ = {isa = PBXBuildFile; fileRef = DFA31428174D50A50073DAA2 /* sfpopos-routes-collection.geojson */; };
		DF3FECF217588472002C48F2 /* RouteRepository.m in Sources */ = {isa = PBXBuildFile; fileRef = DF8DB62D174BC5D100A70176 /* RouteRepository.m */; };
		DF3FECF317588475002C48F2 /* Route.m in Sources */ = {isa = PBXBuildFile; fileRef = DF8DB62A174BC5C600A70176 /* Route.m */; };
		DF3FECF91759228C002C48F2 /* CellCircle@2x.png in Resources */ = {isa = PBXBuildFile; fileRef = DF3FECF81759228C002C48F2 /* CellCircle@2x.png */; };
		DF3FECFA1759228C002C48F2 /* CellCircle@2x.png in Resources */ = {isa = PBXBuildFile; fileRef = DF3FECF81759228C002C48F2 /* CellCircle@2x.png */; };
		DF4B9AD3174AD44A00ED4D13 /* UIKit.framework in Frameworks */ = {isa = PBXBuildFile; fileRef = DF4B9AD2174AD44A00ED4D13 /* UIKit.framework */; };
		DF4B9AD5174AD44A00ED4D13 /* Foundation.framework in Frameworks */ = {isa = PBXBuildFile; fileRef = DF4B9AD4174AD44A00ED4D13 /* Foundation.framework */; };
		DF4B9AD7174AD44B00ED4D13 /* CoreGraphics.framework in Frameworks */ = {isa = PBXBuildFile; fileRef = DF4B9AD6174AD44A00ED4D13 /* CoreGraphics.framework */; };
		DF4B9ADD174AD44B00ED4D13 /* InfoPlist.strings in Resources */ = {isa = PBXBuildFile; fileRef = DF4B9ADB174AD44B00ED4D13 /* InfoPlist.strings */; };
		DF4B9ADF174AD44B00ED4D13 /* main.m in Sources */ = {isa = PBXBuildFile; fileRef = DF4B9ADE174AD44B00ED4D13 /* main.m */; };
		DF4B9AE3174AD44B00ED4D13 /* AppDelegate.m in Sources */ = {isa = PBXBuildFile; fileRef = DF4B9AE2174AD44B00ED4D13 /* AppDelegate.m */; };
		DF4B9AE5174AD44B00ED4D13 /* Default.png in Resources */ = {isa = PBXBuildFile; fileRef = DF4B9AE4174AD44B00ED4D13 /* Default.png */; };
		DF4B9AE7174AD44B00ED4D13 /* Default@2x.png in Resources */ = {isa = PBXBuildFile; fileRef = DF4B9AE6174AD44B00ED4D13 /* Default@2x.png */; };
		DF4B9AE9174AD44B00ED4D13 /* Default-568h@2x.png in Resources */ = {isa = PBXBuildFile; fileRef = DF4B9AE8174AD44B00ED4D13 /* Default-568h@2x.png */; };
		DF4B9AF0174AD6DB00ED4D13 /* MapBox.framework in Frameworks */ = {isa = PBXBuildFile; fileRef = DF4B9AEF174AD6DB00ED4D13 /* MapBox.framework */; };
		DF4B9AF2174AD71300ED4D13 /* CoreLocation.framework in Frameworks */ = {isa = PBXBuildFile; fileRef = DF4B9AF1174AD71300ED4D13 /* CoreLocation.framework */; };
		DF4B9AF4174AD71B00ED4D13 /* QuartzCore.framework in Frameworks */ = {isa = PBXBuildFile; fileRef = DF4B9AF3174AD71B00ED4D13 /* QuartzCore.framework */; };
		DF4B9AF6174AD72800ED4D13 /* libsqlite3.dylib in Frameworks */ = {isa = PBXBuildFile; fileRef = DF4B9AF5174AD72800ED4D13 /* libsqlite3.dylib */; };
		DF4B9AF8174AD73100ED4D13 /* libz.dylib in Frameworks */ = {isa = PBXBuildFile; fileRef = DF4B9AF7174AD73100ED4D13 /* libz.dylib */; };
		DF4B9AFD174AD9E800ED4D13 /* MapViewController.m in Sources */ = {isa = PBXBuildFile; fileRef = DF4B9AFC174AD9E800ED4D13 /* MapViewController.m */; };
		DF4B9B01174B38C400ED4D13 /* sfpopos.geojson in Resources */ = {isa = PBXBuildFile; fileRef = DF4B9B00174B38C400ED4D13 /* sfpopos.geojson */; };
		DF4B9B04174B39B700ED4D13 /* Space.m in Sources */ = {isa = PBXBuildFile; fileRef = DF4B9B03174B39B700ED4D13 /* Space.m */; };
		DF4B9B07174B3A0500ED4D13 /* SpaceRepository.m in Sources */ = {isa = PBXBuildFile; fileRef = DF4B9B06174B3A0500ED4D13 /* SpaceRepository.m */; };
		DF4B9B0B174B429800ED4D13 /* SpaceViewController.m in Sources */ = {isa = PBXBuildFile; fileRef = DF4B9B09174B429800ED4D13 /* SpaceViewController.m */; };
		DF4B9B0C174B429800ED4D13 /* SpaceViewController.xib in Resources */ = {isa = PBXBuildFile; fileRef = DF4B9B0A174B429800ED4D13 /* SpaceViewController.xib */; };
		DF52EF741756BCE800211DAC /* RouteListViewController.m in Sources */ = {isa = PBXBuildFile; fileRef = DF52EF721756BCE800211DAC /* RouteListViewController.m */; };
		DF52EF751756BCE800211DAC /* RouteListViewController.xib in Resources */ = {isa = PBXBuildFile; fileRef = DF52EF731756BCE800211DAC /* RouteListViewController.xib */; };
		DF8DB62B174BC5C600A70176 /* Route.m in Sources */ = {isa = PBXBuildFile; fileRef = DF8DB62A174BC5C600A70176 /* Route.m */; };
		DF8DB62E174BC5D100A70176 /* RouteRepository.m in Sources */ = {isa = PBXBuildFile; fileRef = DF8DB62D174BC5D100A70176 /* RouteRepository.m */; };
		DF8E384017580A2C009DF29B /* RouteDetailViewController.m in Sources */ = {isa = PBXBuildFile; fileRef = DF8E383E17580A2C009DF29B /* RouteDetailViewController.m */; };
		DF8E384117580A2C009DF29B /* RouteDetailViewController.xib in Resources */ = {isa = PBXBuildFile; fileRef = DF8E383F17580A2C009DF29B /* RouteDetailViewController.xib */; };
		DFA31429174D50A50073DAA2 /* sfpopos-routes-collection.geojson in Resources */ = {isa = PBXBuildFile; fileRef = DFA31428174D50A50073DAA2 /* sfpopos-routes-collection.geojson */; };
		DFBF2277174E769E00F1BF87 /* MapBox.bundle in Resources */ = {isa = PBXBuildFile; fileRef = DFBF2276174E769E00F1BF87 /* MapBox.bundle */; };
/* End PBXBuildFile section */

/* Begin PBXFileReference section */
		DF0506CD17595F040050AFF9 /* PathMenuIcon@2x.png */ = {isa = PBXFileReference; lastKnownFileType = image.png; path = "PathMenuIcon@2x.png"; sourceTree = "<group>"; };
		DF0506D0175963080050AFF9 /* BackArrow@2x.png */ = {isa = PBXFileReference; lastKnownFileType = image.png; path = "BackArrow@2x.png"; sourceTree = "<group>"; };
		DF0506D6175963F40050AFF9 /* MapMenuIcon@2x.png */ = {isa = PBXFileReference; lastKnownFileType = image.png; path = "MapMenuIcon@2x.png"; sourceTree = "<group>"; };
		DF0506DC17597F940050AFF9 /* Bookmark@2x.png */ = {isa = PBXFileReference; lastKnownFileType = image.png; path = "Bookmark@2x.png"; sourceTree = "<group>"; };
		DF0506E8175992060050AFF9 /* 24h@2x.png */ = {isa = PBXFileReference; lastKnownFileType = image.png; path = "24h@2x.png"; sourceTree = "<group>"; };
		DF0506E9175992060050AFF9 /* Art@2x.png */ = {isa = PBXFileReference; lastKnownFileType = image.png; path = "Art@2x.png"; sourceTree = "<group>"; };
		DF0506EA175992060050AFF9 /* Food@2x.png */ = {isa = PBXFileReference; lastKnownFileType = image.png; path = "Food@2x.png"; sourceTree = "<group>"; };
		DF0506EB175992060050AFF9 /* Indoor@2x.png */ = {isa = PBXFileReference; lastKnownFileType = image.png; path = "Indoor@2x.png"; sourceTree = "<group>"; };
		DF0506EC175992070050AFF9 /* Outdoor@2x.png */ = {isa = PBXFileReference; lastKnownFileType = image.png; path = "Outdoor@2x.png"; sourceTree = "<group>"; };
		DF0506ED175992070050AFF9 /* Wifi@2x.png */ = {isa = PBXFileReference; lastKnownFileType = image.png; path = "Wifi@2x.png"; sourceTree = "<group>"; };
		DF0506FD17599A7A0050AFF9 /* LaunchScreen@2x.png */ = {isa = PBXFileReference; lastKnownFileType = image.png; path = "LaunchScreen@2x.png"; sourceTree = "<group>"; };
		DF05070317599CD50050AFF9 /* CellArrowButton@2x.png */ = {isa = PBXFileReference; lastKnownFileType = image.png; path = "CellArrowButton@2x.png"; sourceTree = "<group>"; };
		DF050706175AC75F0050AFF9 /* ArtGrey@2x.png */ = {isa = PBXFileReference; lastKnownFileType = image.png; path = "ArtGrey@2x.png"; sourceTree = "<group>"; };
		DF050709175AC76D0050AFF9 /* FoodGrey@2x.png */ = {isa = PBXFileReference; lastKnownFileType = image.png; path = "FoodGrey@2x.png"; sourceTree = "<group>"; };
		DF05070C175AC7770050AFF9 /* IndoorGrey@2x.png */ = {isa = PBXFileReference; lastKnownFileType = image.png; path = "IndoorGrey@2x.png"; sourceTree = "<group>"; };
		DF05070F175AC7810050AFF9 /* OutdoorGrey@2x.png */ = {isa = PBXFileReference; lastKnownFileType = image.png; path = "OutdoorGrey@2x.png"; sourceTree = "<group>"; };
		DF050712175AC78E0050AFF9 /* WifiGrey@2x.png */ = {isa = PBXFileReference; lastKnownFileType = image.png; path = "WifiGrey@2x.png"; sourceTree = "<group>"; };
		DF050715175AC7A00050AFF9 /* 24hGrey@2x.png */ = {isa = PBXFileReference; lastKnownFileType = image.png; path = "24hGrey@2x.png"; sourceTree = "<group>"; };
		DF05071B175ACA360050AFF9 /* ICON_57px.png */ = {isa = PBXFileReference; lastKnownFileType = image.png; path = ICON_57px.png; sourceTree = "<group>"; };
		DF05071D175ACA3C0050AFF9 /* ICON_114px.png */ = {isa = PBXFileReference; lastKnownFileType = image.png; path = ICON_114px.png; sourceTree = "<group>"; };
		DF3FECC817587DB5002C48F2 /* Specs.app */ = {isa = PBXFileReference; explicitFileType = wrapper.application; includeInIndex = 0; path = Specs.app; sourceTree = BUILT_PRODUCTS_DIR; };
		DF3FECCE17587DB5002C48F2 /* Specs-Info.plist */ = {isa = PBXFileReference; lastKnownFileType = text.plist.xml; path = "Specs-Info.plist"; sourceTree = "<group>"; };
		DF3FECD017587DB5002C48F2 /* en */ = {isa = PBXFileReference; lastKnownFileType = text.plist.strings; name = en; path = en.lproj/InfoPlist.strings; sourceTree = "<group>"; };
		DF3FECD217587DB5002C48F2 /* main.m */ = {isa = PBXFileReference; lastKnownFileType = sourcecode.c.objc; path = main.m; sourceTree = "<group>"; };
		DF3FECD417587DB5002C48F2 /* Specs-Prefix.pch */ = {isa = PBXFileReference; lastKnownFileType = sourcecode.c.h; path = "Specs-Prefix.pch"; sourceTree = "<group>"; };
		DF3FECD517587DB6002C48F2 /* Cedar-iOS.framework */ = {isa = PBXFileReference; lastKnownFileType = wrapper.framework; name = "Cedar-iOS.framework"; path = "Frameworks/Cedar-iOS.framework"; sourceTree = "<group>"; };
		DF3FECD717587DB6002C48F2 /* RouteRepositorySpec.mm */ = {isa = PBXFileReference; lastKnownFileType = sourcecode.cpp.objcpp; path = RouteRepositorySpec.mm; sourceTree = "<group>"; };
		DF3FECDF17587EF7002C48F2 /* Marker@2x.png */ = {isa = PBXFileReference; lastKnownFileType = image.png; path = "Marker@2x.png"; sourceTree = "<group>"; };
		DF3FECE017587EF7002C48F2 /* Marker_highlight@2x.png */ = {isa = PBXFileReference; lastKnownFileType = image.png; path = "Marker_highlight@2x.png"; sourceTree = "<group>"; };
		DF3FECE117587EF7002C48F2 /* navigationBarAppearance@2x.png */ = {isa = PBXFileReference; lastKnownFileType = image.png; path = "navigationBarAppearance@2x.png"; sourceTree = "<group>"; };
		DF3FECE217587EF7002C48F2 /* tabBarAppearance@2x.png */ = {isa = PBXFileReference; lastKnownFileType = image.png; path = "tabBarAppearance@2x.png"; sourceTree = "<group>"; };
		DF3FECEB175880B5002C48F2 /* SpaceRepositorySpec.mm */ = {isa = PBXFileReference; fileEncoding = 4; lastKnownFileType = sourcecode.cpp.objcpp; path = SpaceRepositorySpec.mm; sourceTree = "<group>"; };
		DF3FECF81759228C002C48F2 /* CellCircle@2x.png */ = {isa = PBXFileReference; lastKnownFileType = image.png; path = "CellCircle@2x.png"; sourceTree = "<group>"; };
		DF4B9ACF174AD44A00ED4D13 /* popos.app */ = {isa = PBXFileReference; explicitFileType = wrapper.application; includeInIndex = 0; path = popos.app; sourceTree = BUILT_PRODUCTS_DIR; };
		DF4B9AD2174AD44A00ED4D13 /* UIKit.framework */ = {isa = PBXFileReference; lastKnownFileType = wrapper.framework; name = UIKit.framework; path = System/Library/Frameworks/UIKit.framework; sourceTree = SDKROOT; };
		DF4B9AD4174AD44A00ED4D13 /* Foundation.framework */ = {isa = PBXFileReference; lastKnownFileType = wrapper.framework; name = Foundation.framework; path = System/Library/Frameworks/Foundation.framework; sourceTree = SDKROOT; };
		DF4B9AD6174AD44A00ED4D13 /* CoreGraphics.framework */ = {isa = PBXFileReference; lastKnownFileType = wrapper.framework; name = CoreGraphics.framework; path = System/Library/Frameworks/CoreGraphics.framework; sourceTree = SDKROOT; };
		DF4B9ADA174AD44B00ED4D13 /* poposiphone-Info.plist */ = {isa = PBXFileReference; lastKnownFileType = text.plist.xml; path = "poposiphone-Info.plist"; sourceTree = "<group>"; };
		DF4B9ADC174AD44B00ED4D13 /* en */ = {isa = PBXFileReference; lastKnownFileType = text.plist.strings; name = en; path = en.lproj/InfoPlist.strings; sourceTree = "<group>"; };
		DF4B9ADE174AD44B00ED4D13 /* main.m */ = {isa = PBXFileReference; lastKnownFileType = sourcecode.c.objc; path = main.m; sourceTree = "<group>"; };
		DF4B9AE0174AD44B00ED4D13 /* poposiphone-Prefix.pch */ = {isa = PBXFileReference; lastKnownFileType = sourcecode.c.h; path = "poposiphone-Prefix.pch"; sourceTree = "<group>"; };
		DF4B9AE1174AD44B00ED4D13 /* AppDelegate.h */ = {isa = PBXFileReference; lastKnownFileType = sourcecode.c.h; path = AppDelegate.h; sourceTree = "<group>"; };
		DF4B9AE2174AD44B00ED4D13 /* AppDelegate.m */ = {isa = PBXFileReference; lastKnownFileType = sourcecode.c.objc; path = AppDelegate.m; sourceTree = "<group>"; };
		DF4B9AE4174AD44B00ED4D13 /* Default.png */ = {isa = PBXFileReference; lastKnownFileType = image.png; path = Default.png; sourceTree = "<group>"; };
		DF4B9AE6174AD44B00ED4D13 /* Default@2x.png */ = {isa = PBXFileReference; lastKnownFileType = image.png; path = "Default@2x.png"; sourceTree = "<group>"; };
		DF4B9AE8174AD44B00ED4D13 /* Default-568h@2x.png */ = {isa = PBXFileReference; lastKnownFileType = image.png; path = "Default-568h@2x.png"; sourceTree = "<group>"; };
		DF4B9AEF174AD6DB00ED4D13 /* MapBox.framework */ = {isa = PBXFileReference; lastKnownFileType = wrapper.framework; path = MapBox.framework; sourceTree = "<group>"; };
		DF4B9AF1174AD71300ED4D13 /* CoreLocation.framework */ = {isa = PBXFileReference; lastKnownFileType = wrapper.framework; name = CoreLocation.framework; path = System/Library/Frameworks/CoreLocation.framework; sourceTree = SDKROOT; };
		DF4B9AF3174AD71B00ED4D13 /* QuartzCore.framework */ = {isa = PBXFileReference; lastKnownFileType = wrapper.framework; name = QuartzCore.framework; path = System/Library/Frameworks/QuartzCore.framework; sourceTree = SDKROOT; };
		DF4B9AF5174AD72800ED4D13 /* libsqlite3.dylib */ = {isa = PBXFileReference; lastKnownFileType = "compiled.mach-o.dylib"; name = libsqlite3.dylib; path = usr/lib/libsqlite3.dylib; sourceTree = SDKROOT; };
		DF4B9AF7174AD73100ED4D13 /* libz.dylib */ = {isa = PBXFileReference; lastKnownFileType = "compiled.mach-o.dylib"; name = libz.dylib; path = usr/lib/libz.dylib; sourceTree = SDKROOT; };
		DF4B9AFB174AD9E800ED4D13 /* MapViewController.h */ = {isa = PBXFileReference; fileEncoding = 4; lastKnownFileType = sourcecode.c.h; path = MapViewController.h; sourceTree = "<group>"; };
		DF4B9AFC174AD9E800ED4D13 /* MapViewController.m */ = {isa = PBXFileReference; fileEncoding = 4; lastKnownFileType = sourcecode.c.objc; path = MapViewController.m; sourceTree = "<group>"; };
		DF4B9B00174B38C400ED4D13 /* sfpopos.geojson */ = {isa = PBXFileReference; fileEncoding = 4; lastKnownFileType = text; path = sfpopos.geojson; sourceTree = "<group>"; };
		DF4B9B02174B39B700ED4D13 /* Space.h */ = {isa = PBXFileReference; fileEncoding = 4; lastKnownFileType = sourcecode.c.h; path = Space.h; sourceTree = "<group>"; };
		DF4B9B03174B39B700ED4D13 /* Space.m */ = {isa = PBXFileReference; fileEncoding = 4; lastKnownFileType = sourcecode.c.objc; path = Space.m; sourceTree = "<group>"; };
		DF4B9B05174B3A0500ED4D13 /* SpaceRepository.h */ = {isa = PBXFileReference; fileEncoding = 4; lastKnownFileType = sourcecode.c.h; path = SpaceRepository.h; sourceTree = "<group>"; };
		DF4B9B06174B3A0500ED4D13 /* SpaceRepository.m */ = {isa = PBXFileReference; fileEncoding = 4; lastKnownFileType = sourcecode.c.objc; path = SpaceRepository.m; sourceTree = "<group>"; };
		DF4B9B08174B429800ED4D13 /* SpaceViewController.h */ = {isa = PBXFileReference; fileEncoding = 4; lastKnownFileType = sourcecode.c.h; path = SpaceViewController.h; sourceTree = "<group>"; };
		DF4B9B09174B429800ED4D13 /* SpaceViewController.m */ = {isa = PBXFileReference; fileEncoding = 4; lastKnownFileType = sourcecode.c.objc; path = SpaceViewController.m; sourceTree = "<group>"; };
		DF4B9B0A174B429800ED4D13 /* SpaceViewController.xib */ = {isa = PBXFileReference; fileEncoding = 4; lastKnownFileType = file.xib; path = SpaceViewController.xib; sourceTree = "<group>"; };
		DF52EF711756BCE800211DAC /* RouteListViewController.h */ = {isa = PBXFileReference; fileEncoding = 4; lastKnownFileType = sourcecode.c.h; path = RouteListViewController.h; sourceTree = "<group>"; };
		DF52EF721756BCE800211DAC /* RouteListViewController.m */ = {isa = PBXFileReference; fileEncoding = 4; lastKnownFileType = sourcecode.c.objc; path = RouteListViewController.m; sourceTree = "<group>"; };
		DF52EF731756BCE800211DAC /* RouteListViewController.xib */ = {isa = PBXFileReference; fileEncoding = 4; lastKnownFileType = file.xib; path = RouteListViewController.xib; sourceTree = "<group>"; };
		DF8DB629174BC5C600A70176 /* Route.h */ = {isa = PBXFileReference; fileEncoding = 4; lastKnownFileType = sourcecode.c.h; path = Route.h; sourceTree = "<group>"; };
		DF8DB62A174BC5C600A70176 /* Route.m */ = {isa = PBXFileReference; fileEncoding = 4; lastKnownFileType = sourcecode.c.objc; path = Route.m; sourceTree = "<group>"; };
		DF8DB62C174BC5D100A70176 /* RouteRepository.h */ = {isa = PBXFileReference; fileEncoding = 4; lastKnownFileType = sourcecode.c.h; path = RouteRepository.h; sourceTree = "<group>"; };
		DF8DB62D174BC5D100A70176 /* RouteRepository.m */ = {isa = PBXFileReference; fileEncoding = 4; lastKnownFileType = sourcecode.c.objc; path = RouteRepository.m; sourceTree = "<group>"; };
		DF8E383D17580A2C009DF29B /* RouteDetailViewController.h */ = {isa = PBXFileReference; fileEncoding = 4; lastKnownFileType = sourcecode.c.h; path = RouteDetailViewController.h; sourceTree = "<group>"; };
		DF8E383E17580A2C009DF29B /* RouteDetailViewController.m */ = {isa = PBXFileReference; fileEncoding = 4; lastKnownFileType = sourcecode.c.objc; path = RouteDetailViewController.m; sourceTree = "<group>"; };
		DF8E383F17580A2C009DF29B /* RouteDetailViewController.xib */ = {isa = PBXFileReference; fileEncoding = 4; lastKnownFileType = file.xib; path = RouteDetailViewController.xib; sourceTree = "<group>"; };
		DFA31428174D50A50073DAA2 /* sfpopos-routes-collection.geojson */ = {isa = PBXFileReference; fileEncoding = 4; lastKnownFileType = text; path = "sfpopos-routes-collection.geojson"; sourceTree = "<group>"; };
		DFBF2276174E769E00F1BF87 /* MapBox.bundle */ = {isa = PBXFileReference; lastKnownFileType = "wrapper.plug-in"; path = MapBox.bundle; sourceTree = "<group>"; };
/* End PBXFileReference section */

/* Begin PBXFrameworksBuildPhase section */
		DF3FECC517587DB5002C48F2 /* Frameworks */ = {
			isa = PBXFrameworksBuildPhase;
			buildActionMask = 2147483647;
			files = (
				DF3FECEF17588367002C48F2 /* CoreLocation.framework in Frameworks */,
				DF3FECC917587DB5002C48F2 /* UIKit.framework in Frameworks */,
				DF3FECCA17587DB5002C48F2 /* Foundation.framework in Frameworks */,
				DF3FECCB17587DB5002C48F2 /* CoreGraphics.framework in Frameworks */,
				DF3FECD617587DB6002C48F2 /* Cedar-iOS.framework in Frameworks */,
			);
			runOnlyForDeploymentPostprocessing = 0;
		};
		DF4B9ACC174AD44A00ED4D13 /* Frameworks */ = {
			isa = PBXFrameworksBuildPhase;
			buildActionMask = 2147483647;
			files = (
				DF4B9AF8174AD73100ED4D13 /* libz.dylib in Frameworks */,
				DF4B9AF6174AD72800ED4D13 /* libsqlite3.dylib in Frameworks */,
				DF4B9AF4174AD71B00ED4D13 /* QuartzCore.framework in Frameworks */,
				DF4B9AF2174AD71300ED4D13 /* CoreLocation.framework in Frameworks */,
				DF4B9AD3174AD44A00ED4D13 /* UIKit.framework in Frameworks */,
				DF4B9AD5174AD44A00ED4D13 /* Foundation.framework in Frameworks */,
				DF4B9AD7174AD44B00ED4D13 /* CoreGraphics.framework in Frameworks */,
				DF4B9AF0174AD6DB00ED4D13 /* MapBox.framework in Frameworks */,
			);
			runOnlyForDeploymentPostprocessing = 0;
		};
/* End PBXFrameworksBuildPhase section */

/* Begin PBXGroup section */
		DF3FECCC17587DB5002C48F2 /* Specs */ = {
			isa = PBXGroup;
			children = (
				DF3FECD517587DB6002C48F2 /* Cedar-iOS.framework */,
				DF3FECD717587DB6002C48F2 /* RouteRepositorySpec.mm */,
				DF3FECEB175880B5002C48F2 /* SpaceRepositorySpec.mm */,
				DF3FECCD17587DB5002C48F2 /* Supporting Files */,
			);
			path = Specs;
			sourceTree = "<group>";
		};
		DF3FECCD17587DB5002C48F2 /* Supporting Files */ = {
			isa = PBXGroup;
			children = (
				DF3FECCE17587DB5002C48F2 /* Specs-Info.plist */,
				DF3FECCF17587DB5002C48F2 /* InfoPlist.strings */,
				DF3FECD217587DB5002C48F2 /* main.m */,
				DF3FECD417587DB5002C48F2 /* Specs-Prefix.pch */,
			);
			name = "Supporting Files";
			sourceTree = "<group>";
		};
		DF3FECDC17587DEE002C48F2 /* Domain */ = {
			isa = PBXGroup;
			children = (
				DF8DB629174BC5C600A70176 /* Route.h */,
				DF8DB62A174BC5C600A70176 /* Route.m */,
				DF8DB62C174BC5D100A70176 /* RouteRepository.h */,
				DF8DB62D174BC5D100A70176 /* RouteRepository.m */,
				DF4B9B02174B39B700ED4D13 /* Space.h */,
				DF4B9B03174B39B700ED4D13 /* Space.m */,
				DF4B9B05174B3A0500ED4D13 /* SpaceRepository.h */,
				DF4B9B06174B3A0500ED4D13 /* SpaceRepository.m */,
			);
			name = Domain;
			sourceTree = "<group>";
		};
		DF3FECDD17587DF3002C48F2 /* UI */ = {
			isa = PBXGroup;
			children = (
				DF4B9AE1174AD44B00ED4D13 /* AppDelegate.h */,
				DF4B9AE2174AD44B00ED4D13 /* AppDelegate.m */,
				DF4B9AFB174AD9E800ED4D13 /* MapViewController.h */,
				DF4B9AFC174AD9E800ED4D13 /* MapViewController.m */,
				DF4B9B08174B429800ED4D13 /* SpaceViewController.h */,
				DF4B9B09174B429800ED4D13 /* SpaceViewController.m */,
				DF4B9B0A174B429800ED4D13 /* SpaceViewController.xib */,
				DF52EF711756BCE800211DAC /* RouteListViewController.h */,
				DF52EF721756BCE800211DAC /* RouteListViewController.m */,
				DF52EF731756BCE800211DAC /* RouteListViewController.xib */,
				DF8E383D17580A2C009DF29B /* RouteDetailViewController.h */,
				DF8E383E17580A2C009DF29B /* RouteDetailViewController.m */,
				DF8E383F17580A2C009DF29B /* RouteDetailViewController.xib */,
			);
			name = UI;
			sourceTree = "<group>";
		};
		DF3FECDE17587EF7002C48F2 /* Assets */ = {
			isa = PBXGroup;
			children = (
				DF050715175AC7A00050AFF9 /* 24hGrey@2x.png */,
				DF0506E8175992060050AFF9 /* 24h@2x.png */,
				DF0506E9175992060050AFF9 /* Art@2x.png */,
				DF050706175AC75F0050AFF9 /* ArtGrey@2x.png */,
				DF0506D0175963080050AFF9 /* BackArrow@2x.png */,
				DF0506DC17597F940050AFF9 /* Bookmark@2x.png */,
				DF05070317599CD50050AFF9 /* CellArrowButton@2x.png */,
				DF3FECF81759228C002C48F2 /* CellCircle@2x.png */,
				DF0506EA175992060050AFF9 /* Food@2x.png */,
				DF050709175AC76D0050AFF9 /* FoodGrey@2x.png */,
				DF0506EB175992060050AFF9 /* Indoor@2x.png */,
				DF05070C175AC7770050AFF9 /* IndoorGrey@2x.png */,
				DF0506FD17599A7A0050AFF9 /* LaunchScreen@2x.png */,
				DF0506D6175963F40050AFF9 /* MapMenuIcon@2x.png */,
				DF3FECDF17587EF7002C48F2 /* Marker@2x.png */,
				DF3FECE017587EF7002C48F2 /* Marker_highlight@2x.png */,
				DF3FECE117587EF7002C48F2 /* navigationBarAppearance@2x.png */,
				DF0506EC175992070050AFF9 /* Outdoor@2x.png */,
				DF05070F175AC7810050AFF9 /* OutdoorGrey@2x.png */,
				DF0506CD17595F040050AFF9 /* PathMenuIcon@2x.png */,
				DF3FECE217587EF7002C48F2 /* tabBarAppearance@2x.png */,
				DF0506ED175992070050AFF9 /* Wifi@2x.png */,
				DF050712175AC78E0050AFF9 /* WifiGrey@2x.png */,
			);
			path = Assets;
			sourceTree = "<group>";
		};
		DF4B9AC6174AD44A00ED4D13 = {
			isa = PBXGroup;
			children = (
				DF05071D175ACA3C0050AFF9 /* ICON_114px.png */,
				DF05071B175ACA360050AFF9 /* ICON_57px.png */,
				DFBF2276174E769E00F1BF87 /* MapBox.bundle */,
				DF4B9AF7174AD73100ED4D13 /* libz.dylib */,
				DF4B9AF5174AD72800ED4D13 /* libsqlite3.dylib */,
				DF4B9AF3174AD71B00ED4D13 /* QuartzCore.framework */,
				DF4B9AF1174AD71300ED4D13 /* CoreLocation.framework */,
				DF4B9AD8174AD44B00ED4D13 /* poposiphone */,
				DF3FECCC17587DB5002C48F2 /* Specs */,
				DF4B9AD1174AD44A00ED4D13 /* Frameworks */,
				DF4B9AD0174AD44A00ED4D13 /* Products */,
				DF3FECDE17587EF7002C48F2 /* Assets */,
			);
			sourceTree = "<group>";
		};
		DF4B9AD0174AD44A00ED4D13 /* Products */ = {
			isa = PBXGroup;
			children = (
				DF4B9ACF174AD44A00ED4D13 /* popos.app */,
				DF3FECC817587DB5002C48F2 /* Specs.app */,
			);
			name = Products;
			sourceTree = "<group>";
		};
		DF4B9AD1174AD44A00ED4D13 /* Frameworks */ = {
			isa = PBXGroup;
			children = (
				DF4B9AEF174AD6DB00ED4D13 /* MapBox.framework */,
				DF4B9AD2174AD44A00ED4D13 /* UIKit.framework */,
				DF4B9AD4174AD44A00ED4D13 /* Foundation.framework */,
				DF4B9AD6174AD44A00ED4D13 /* CoreGraphics.framework */,
			);
			name = Frameworks;
			sourceTree = "<group>";
		};
		DF4B9AD8174AD44B00ED4D13 /* poposiphone */ = {
			isa = PBXGroup;
			children = (
				DF3FECDD17587DF3002C48F2 /* UI */,
				DF3FECDC17587DEE002C48F2 /* Domain */,
				DF4B9AD9174AD44B00ED4D13 /* Supporting Files */,
			);
			path = poposiphone;
			sourceTree = "<group>";
		};
		DF4B9AD9174AD44B00ED4D13 /* Supporting Files */ = {
			isa = PBXGroup;
			children = (
				DFA31428174D50A50073DAA2 /* sfpopos-routes-collection.geojson */,
				DF4B9B00174B38C400ED4D13 /* sfpopos.geojson */,
				DF4B9ADA174AD44B00ED4D13 /* poposiphone-Info.plist */,
				DF4B9ADB174AD44B00ED4D13 /* InfoPlist.strings */,
				DF4B9ADE174AD44B00ED4D13 /* main.m */,
				DF4B9AE0174AD44B00ED4D13 /* poposiphone-Prefix.pch */,
				DF4B9AE4174AD44B00ED4D13 /* Default.png */,
				DF4B9AE6174AD44B00ED4D13 /* Default@2x.png */,
				DF4B9AE8174AD44B00ED4D13 /* Default-568h@2x.png */,
			);
			name = "Supporting Files";
			sourceTree = "<group>";
		};
/* End PBXGroup section */

/* Begin PBXNativeTarget section */
		DF3FECC717587DB5002C48F2 /* Specs */ = {
			isa = PBXNativeTarget;
			buildConfigurationList = DF3FECDB17587DB6002C48F2 /* Build configuration list for PBXNativeTarget "Specs" */;
			buildPhases = (
				DF3FECC417587DB5002C48F2 /* Sources */,
				DF3FECC517587DB5002C48F2 /* Frameworks */,
				DF3FECC617587DB5002C48F2 /* Resources */,
			);
			buildRules = (
			);
			dependencies = (
			);
			name = Specs;
			productName = Specs;
			productReference = DF3FECC817587DB5002C48F2 /* Specs.app */;
			productType = "com.apple.product-type.application";
		};
		DF4B9ACE174AD44A00ED4D13 /* popos */ = {
			isa = PBXNativeTarget;
			buildConfigurationList = DF4B9AEC174AD44B00ED4D13 /* Build configuration list for PBXNativeTarget "popos" */;
			buildPhases = (
				DF4B9ACB174AD44A00ED4D13 /* Sources */,
				DF4B9ACC174AD44A00ED4D13 /* Frameworks */,
				DF4B9ACD174AD44A00ED4D13 /* Resources */,
			);
			buildRules = (
			);
			dependencies = (
			);
			name = popos;
			productName = poposiphone;
			productReference = DF4B9ACF174AD44A00ED4D13 /* popos.app */;
			productType = "com.apple.product-type.application";
		};
/* End PBXNativeTarget section */

/* Begin PBXProject section */
		DF4B9AC7174AD44A00ED4D13 /* Project object */ = {
			isa = PBXProject;
			attributes = {
				LastUpgradeCheck = 0460;
				ORGANIZATIONNAME = bdon;
			};
			buildConfigurationList = DF4B9ACA174AD44A00ED4D13 /* Build configuration list for PBXProject "poposiphone" */;
			compatibilityVersion = "Xcode 3.2";
			developmentRegion = English;
			hasScannedForEncodings = 0;
			knownRegions = (
				en,
			);
			mainGroup = DF4B9AC6174AD44A00ED4D13;
			productRefGroup = DF4B9AD0174AD44A00ED4D13 /* Products */;
			projectDirPath = "";
			projectRoot = "";
			targets = (
				DF4B9ACE174AD44A00ED4D13 /* popos */,
				DF3FECC717587DB5002C48F2 /* Specs */,
			);
		};
/* End PBXProject section */

/* Begin PBXResourcesBuildPhase section */
		DF3FECC617587DB5002C48F2 /* Resources */ = {
			isa = PBXResourcesBuildPhase;
			buildActionMask = 2147483647;
			files = (
				DF3FECD117587DB5002C48F2 /* InfoPlist.strings in Resources */,
				DF3FECE417587EF7002C48F2 /* Marker@2x.png in Resources */,
				DF3FECE617587EF7002C48F2 /* Marker_highlight@2x.png in Resources */,
				DF3FECE817587EF7002C48F2 /* navigationBarAppearance@2x.png in Resources */,
				DF3FECEA17587EF7002C48F2 /* tabBarAppearance@2x.png in Resources */,
				DF3FECF0175883D9002C48F2 /* sfpopos.geojson in Resources */,
				DF3FECF1175883DC002C48F2 /* sfpopos-routes-collection.geojson in Resources */,
				DF3FECFA1759228C002C48F2 /* CellCircle@2x.png in Resources */,
				DF0506CF17595F040050AFF9 /* PathMenuIcon@2x.png in Resources */,
				DF0506D2175963080050AFF9 /* BackArrow@2x.png in Resources */,
				DF0506D8175963F40050AFF9 /* MapMenuIcon@2x.png in Resources */,
				DF0506DE17597F940050AFF9 /* Bookmark@2x.png in Resources */,
				DF0506EF175992070050AFF9 /* 24h@2x.png in Resources */,
				DF0506F1175992070050AFF9 /* Art@2x.png in Resources */,
				DF0506F3175992070050AFF9 /* Food@2x.png in Resources */,
				DF0506F5175992070050AFF9 /* Indoor@2x.png in Resources */,
				DF0506F7175992070050AFF9 /* Outdoor@2x.png in Resources */,
				DF0506F9175992070050AFF9 /* Wifi@2x.png in Resources */,
				DF0506FF17599A7B0050AFF9 /* LaunchScreen@2x.png in Resources */,
				DF05070517599CD50050AFF9 /* CellArrowButton@2x.png in Resources */,
				DF050708175AC7600050AFF9 /* ArtGrey@2x.png in Resources */,
				DF05070B175AC76D0050AFF9 /* FoodGrey@2x.png in Resources */,
				DF05070E175AC7770050AFF9 /* IndoorGrey@2x.png in Resources */,
				DF050711175AC7810050AFF9 /* OutdoorGrey@2x.png in Resources */,
				DF050714175AC78E0050AFF9 /* WifiGrey@2x.png in Resources */,
				DF050717175AC7A10050AFF9 /* 24hGrey@2x.png in Resources */,
			);
			runOnlyForDeploymentPostprocessing = 0;
		};
		DF4B9ACD174AD44A00ED4D13 /* Resources */ = {
			isa = PBXResourcesBuildPhase;
			buildActionMask = 2147483647;
			files = (
				DF4B9ADD174AD44B00ED4D13 /* InfoPlist.strings in Resources */,
				DF4B9AE5174AD44B00ED4D13 /* Default.png in Resources */,
				DF4B9AE7174AD44B00ED4D13 /* Default@2x.png in Resources */,
				DF4B9AE9174AD44B00ED4D13 /* Default-568h@2x.png in Resources */,
				DF4B9B01174B38C400ED4D13 /* sfpopos.geojson in Resources */,
				DF4B9B0C174B429800ED4D13 /* SpaceViewController.xib in Resources */,
				DFA31429174D50A50073DAA2 /* sfpopos-routes-collection.geojson in Resources */,
				DFBF2277174E769E00F1BF87 /* MapBox.bundle in Resources */,
				DF52EF751756BCE800211DAC /* RouteListViewController.xib in Resources */,
				DF8E384117580A2C009DF29B /* RouteDetailViewController.xib in Resources */,
				DF3FECE317587EF7002C48F2 /* Marker@2x.png in Resources */,
				DF3FECE517587EF7002C48F2 /* Marker_highlight@2x.png in Resources */,
				DF3FECE717587EF7002C48F2 /* navigationBarAppearance@2x.png in Resources */,
				DF3FECE917587EF7002C48F2 /* tabBarAppearance@2x.png in Resources */,
				DF3FECF91759228C002C48F2 /* CellCircle@2x.png in Resources */,
				DF0506CE17595F040050AFF9 /* PathMenuIcon@2x.png in Resources */,
				DF0506D1175963080050AFF9 /* BackArrow@2x.png in Resources */,
				DF0506D7175963F40050AFF9 /* MapMenuIcon@2x.png in Resources */,
				DF0506DD17597F940050AFF9 /* Bookmark@2x.png in Resources */,
				DF0506EE175992070050AFF9 /* 24h@2x.png in Resources */,
				DF0506F0175992070050AFF9 /* Art@2x.png in Resources */,
				DF0506F2175992070050AFF9 /* Food@2x.png in Resources */,
				DF0506F4175992070050AFF9 /* Indoor@2x.png in Resources */,
				DF0506F6175992070050AFF9 /* Outdoor@2x.png in Resources */,
				DF0506F8175992070050AFF9 /* Wifi@2x.png in Resources */,
				DF0506FE17599A7B0050AFF9 /* LaunchScreen@2x.png in Resources */,
				DF05070417599CD50050AFF9 /* CellArrowButton@2x.png in Resources */,
				DF050707175AC7600050AFF9 /* ArtGrey@2x.png in Resources */,
				DF05070A175AC76D0050AFF9 /* FoodGrey@2x.png in Resources */,
				DF05070D175AC7770050AFF9 /* IndoorGrey@2x.png in Resources */,
				DF050710175AC7810050AFF9 /* OutdoorGrey@2x.png in Resources */,
				DF050713175AC78E0050AFF9 /* WifiGrey@2x.png in Resources */,
				DF050716175AC7A10050AFF9 /* 24hGrey@2x.png in Resources */,
				DF05071C175ACA360050AFF9 /* ICON_57px.png in Resources */,
				DF05071E175ACA3C0050AFF9 /* ICON_114px.png in Resources */,
			);
			runOnlyForDeploymentPostprocessing = 0;
		};
/* End PBXResourcesBuildPhase section */

/* Begin PBXSourcesBuildPhase section */
		DF3FECC417587DB5002C48F2 /* Sources */ = {
			isa = PBXSourcesBuildPhase;
			buildActionMask = 2147483647;
			files = (
				DF3FECD317587DB5002C48F2 /* main.m in Sources */,
				DF3FECD817587DB6002C48F2 /* RouteRepositorySpec.mm in Sources */,
				DF3FECEC175880B5002C48F2 /* SpaceRepositorySpec.mm in Sources */,
				DF3FECED175882A1002C48F2 /* SpaceRepository.m in Sources */,
				DF3FECEE175882B3002C48F2 /* Space.m in Sources */,
				DF3FECF217588472002C48F2 /* RouteRepository.m in Sources */,
				DF3FECF317588475002C48F2 /* Route.m in Sources */,
			);
			runOnlyForDeploymentPostprocessing = 0;
		};
		DF4B9ACB174AD44A00ED4D13 /* Sources */ = {
			isa = PBXSourcesBuildPhase;
			buildActionMask = 2147483647;
			files = (
				DF4B9ADF174AD44B00ED4D13 /* main.m in Sources */,
				DF4B9AE3174AD44B00ED4D13 /* AppDelegate.m in Sources */,
				DF4B9AFD174AD9E800ED4D13 /* MapViewController.m in Sources */,
				DF4B9B04174B39B700ED4D13 /* Space.m in Sources */,
				DF4B9B07174B3A0500ED4D13 /* SpaceRepository.m in Sources */,
				DF4B9B0B174B429800ED4D13 /* SpaceViewController.m in Sources */,
				DF8DB62B174BC5C600A70176 /* Route.m in Sources */,
				DF8DB62E174BC5D100A70176 /* RouteRepository.m in Sources */,
				DF52EF741756BCE800211DAC /* RouteListViewController.m in Sources */,
				DF8E384017580A2C009DF29B /* RouteDetailViewController.m in Sources */,
			);
			runOnlyForDeploymentPostprocessing = 0;
		};
/* End PBXSourcesBuildPhase section */

/* Begin PBXVariantGroup section */
		DF3FECCF17587DB5002C48F2 /* InfoPlist.strings */ = {
			isa = PBXVariantGroup;
			children = (
				DF3FECD017587DB5002C48F2 /* en */,
			);
			name = InfoPlist.strings;
			sourceTree = "<group>";
		};
		DF4B9ADB174AD44B00ED4D13 /* InfoPlist.strings */ = {
			isa = PBXVariantGroup;
			children = (
				DF4B9ADC174AD44B00ED4D13 /* en */,
			);
			name = InfoPlist.strings;
			sourceTree = "<group>";
		};
/* End PBXVariantGroup section */

/* Begin XCBuildConfiguration section */
		DF3FECD917587DB6002C48F2 /* Debug */ = {
			isa = XCBuildConfiguration;
			buildSettings = {
				"CODE_SIGN_IDENTITY[sdk=iphoneos*]" = "iPhone Developer";
				FRAMEWORK_SEARCH_PATHS = (
					"$(inherited)",
					"\"$(SRCROOT)/Specs/Frameworks\"",
				);
				GCC_PRECOMPILE_PREFIX_HEADER = YES;
				GCC_PREFIX_HEADER = "Specs/Specs-Prefix.pch";
				INFOPLIST_FILE = "Specs/Specs-Info.plist";
				OTHER_LDFLAGS = (
					"-ObjC",
					"-all_load",
					"-lstdc++",
				);
				PRODUCT_NAME = "$(TARGET_NAME)";
				WRAPPER_EXTENSION = app;
			};
			name = Debug;
		};
		DF3FECDA17587DB6002C48F2 /* Release */ = {
			isa = XCBuildConfiguration;
			buildSettings = {
				"CODE_SIGN_IDENTITY[sdk=iphoneos*]" = "iPhone Developer";
				FRAMEWORK_SEARCH_PATHS = (
					"$(inherited)",
					"\"$(SRCROOT)/Specs/Frameworks\"",
				);
				GCC_PRECOMPILE_PREFIX_HEADER = YES;
				GCC_PREFIX_HEADER = "Specs/Specs-Prefix.pch";
				INFOPLIST_FILE = "Specs/Specs-Info.plist";
				OTHER_CFLAGS = "-DNS_BLOCK_ASSERTIONS=1";
				OTHER_LDFLAGS = (
					"-ObjC",
					"-all_load",
					"-lstdc++",
				);
				PRODUCT_NAME = "$(TARGET_NAME)";
				WRAPPER_EXTENSION = app;
			};
			name = Release;
		};
		DF4B9AEA174AD44B00ED4D13 /* Debug */ = {
			isa = XCBuildConfiguration;
			buildSettings = {
				ALWAYS_SEARCH_USER_PATHS = NO;
				CLANG_CXX_LANGUAGE_STANDARD = "gnu++0x";
				CLANG_CXX_LIBRARY = "libc++";
				CLANG_ENABLE_OBJC_ARC = YES;
				CLANG_WARN_CONSTANT_CONVERSION = YES;
				CLANG_WARN_EMPTY_BODY = YES;
				CLANG_WARN_ENUM_CONVERSION = YES;
				CLANG_WARN_INT_CONVERSION = YES;
				CLANG_WARN__DUPLICATE_METHOD_MATCH = YES;
				"CODE_SIGN_IDENTITY[sdk=iphoneos*]" = "iPhone Developer";
				COPY_PHASE_STRIP = NO;
				GCC_C_LANGUAGE_STANDARD = gnu99;
				GCC_DYNAMIC_NO_PIC = NO;
				GCC_OPTIMIZATION_LEVEL = 0;
				GCC_PREPROCESSOR_DEFINITIONS = (
					"DEBUG=1",
					"$(inherited)",
				);
				GCC_SYMBOLS_PRIVATE_EXTERN = NO;
				GCC_WARN_ABOUT_RETURN_TYPE = YES;
				GCC_WARN_UNINITIALIZED_AUTOS = YES;
				GCC_WARN_UNUSED_VARIABLE = YES;
				IPHONEOS_DEPLOYMENT_TARGET = 6.1;
				ONLY_ACTIVE_ARCH = YES;
				SDKROOT = iphoneos;
			};
			name = Debug;
		};
		DF4B9AEB174AD44B00ED4D13 /* Release */ = {
			isa = XCBuildConfiguration;
			buildSettings = {
				ALWAYS_SEARCH_USER_PATHS = NO;
				CLANG_CXX_LANGUAGE_STANDARD = "gnu++0x";
				CLANG_CXX_LIBRARY = "libc++";
				CLANG_ENABLE_OBJC_ARC = YES;
				CLANG_WARN_CONSTANT_CONVERSION = YES;
				CLANG_WARN_EMPTY_BODY = YES;
				CLANG_WARN_ENUM_CONVERSION = YES;
				CLANG_WARN_INT_CONVERSION = YES;
				CLANG_WARN__DUPLICATE_METHOD_MATCH = YES;
				"CODE_SIGN_IDENTITY[sdk=iphoneos*]" = "iPhone Developer";
				COPY_PHASE_STRIP = YES;
				GCC_C_LANGUAGE_STANDARD = gnu99;
				GCC_WARN_ABOUT_RETURN_TYPE = YES;
				GCC_WARN_UNINITIALIZED_AUTOS = YES;
				GCC_WARN_UNUSED_VARIABLE = YES;
				IPHONEOS_DEPLOYMENT_TARGET = 6.1;
				OTHER_CFLAGS = "-DNS_BLOCK_ASSERTIONS=1";
				SDKROOT = iphoneos;
				VALIDATE_PRODUCT = YES;
			};
			name = Release;
		};
		DF4B9AED174AD44B00ED4D13 /* Debug */ = {
			isa = XCBuildConfiguration;
			buildSettings = {
				CODE_SIGN_IDENTITY = "iPhone Developer: Brandon Liu (Z3YTA4ETGV)";
				FRAMEWORK_SEARCH_PATHS = (
					"$(inherited)",
					"\"$(SRCROOT)\"",
				);
				GCC_PRECOMPILE_PREFIX_HEADER = YES;
				GCC_PREFIX_HEADER = "poposiphone/poposiphone-Prefix.pch";
				INFOPLIST_FILE = "poposiphone/poposiphone-Info.plist";
				OTHER_LDFLAGS = "-ObjC";
				PRODUCT_NAME = "$(TARGET_NAME)";
				PROVISIONING_PROFILE = "6686D427-19E7-4F50-88E1-820FE9E48DBC";
				WRAPPER_EXTENSION = app;
			};
			name = Debug;
		};
		DF4B9AEE174AD44B00ED4D13 /* Release */ = {
			isa = XCBuildConfiguration;
			buildSettings = {
				CODE_SIGN_IDENTITY = "iPhone Developer: Brandon Liu (Z3YTA4ETGV)";
				FRAMEWORK_SEARCH_PATHS = (
					"$(inherited)",
					"\"$(SRCROOT)\"",
				);
				GCC_PRECOMPILE_PREFIX_HEADER = YES;
				GCC_PREFIX_HEADER = "poposiphone/poposiphone-Prefix.pch";
				INFOPLIST_FILE = "poposiphone/poposiphone-Info.plist";
				OTHER_LDFLAGS = "-ObjC";
				PRODUCT_NAME = "$(TARGET_NAME)";
				PROVISIONING_PROFILE = "6686D427-19E7-4F50-88E1-820FE9E48DBC";
				WRAPPER_EXTENSION = app;
			};
			name = Release;
		};
/* End XCBuildConfiguration section */

/* Begin XCConfigurationList section */
		DF3FECDB17587DB6002C48F2 /* Build configuration list for PBXNativeTarget "Specs" */ = {
			isa = XCConfigurationList;
			buildConfigurations = (
				DF3FECD917587DB6002C48F2 /* Debug */,
				DF3FECDA17587DB6002C48F2 /* Release */,
			);
			defaultConfigurationIsVisible = 0;
			defaultConfigurationName = Release;
		};
		DF4B9ACA174AD44A00ED4D13 /* Build configuration list for PBXProject "poposiphone" */ = {
			isa = XCConfigurationList;
			buildConfigurations = (
				DF4B9AEA174AD44B00ED4D13 /* Debug */,
				DF4B9AEB174AD44B00ED4D13 /* Release */,
			);
			defaultConfigurationIsVisible = 0;
			defaultConfigurationName = Release;
		};
		DF4B9AEC174AD44B00ED4D13 /* Build configuration list for PBXNativeTarget "popos" */ = {
			isa = XCConfigurationList;
			buildConfigurations = (
				DF4B9AED174AD44B00ED4D13 /* Debug */,
				DF4B9AEE174AD44B00ED4D13 /* Release */,
			);
			defaultConfigurationIsVisible = 0;
			defaultConfigurationName = Release;
		};
/* End XCConfigurationList section */
	};
	rootObject = DF4B9AC7174AD44A00ED4D13 /* Project object */;
}
